{
  "requires": true,
  "lockfileVersion": 1,
  "dependencies": {
    "@mdi/font": {
      "version": "5.2.45",
      "resolved": "https://registry.npmjs.org/@mdi/font/-/font-5.2.45.tgz",
      "integrity": "sha512-3ReoMrZh2OJR8loD7to2hheYWh6pD+ypv6EpuvnEvoR04fsShwpDfS2ZErM3k98REEk4XIqPzuctAztmhWm+Pw=="
    }
  }
}
